// !$*UTF8*$!
{
	archiveVersion = 1;
	classes = {
	};
	objectVersion = 55;
	objects = {

/* Begin PBXBuildFile section */
		FA067F2E2894514000593FF6 /* SectionView.swift in Sources */ = {isa = PBXBuildFile; fileRef = FA067F2D2894514000593FF6 /* SectionView.swift */; };
		FA067F302894540800593FF6 /* TitleView.swift in Sources */ = {isa = PBXBuildFile; fileRef = FA067F2F2894540800593FF6 /* TitleView.swift */; };
		FA067F322894553700593FF6 /* ProductModel.swift in Sources */ = {isa = PBXBuildFile; fileRef = FA067F312894553700593FF6 /* ProductModel.swift */; };
		FA067F342895479000593FF6 /* ProductItemView.swift in Sources */ = {isa = PBXBuildFile; fileRef = FA067F332895479000593FF6 /* ProductItemView.swift */; };
		FA067F3628954BC500593FF6 /* BrandModel.swift in Sources */ = {isa = PBXBuildFile; fileRef = FA067F3528954BC500593FF6 /* BrandModel.swift */; };
		FA067F3828954C3100593FF6 /* BrandItemView.swift in Sources */ = {isa = PBXBuildFile; fileRef = FA067F3728954C3100593FF6 /* BrandItemView.swift */; };
		FA067F3A28954D3E00593FF6 /* BrandGridView.swift in Sources */ = {isa = PBXBuildFile; fileRef = FA067F3928954D3E00593FF6 /* BrandGridView.swift */; };
		FA067F3C28959AD400593FF6 /* ProductDetailView.swift in Sources */ = {isa = PBXBuildFile; fileRef = FA067F3B28959AD400593FF6 /* ProductDetailView.swift */; };
		FA067F3E2895A79300593FF6 /* NavigationBarDetailView.swift in Sources */ = {isa = PBXBuildFile; fileRef = FA067F3D2895A79300593FF6 /* NavigationBarDetailView.swift */; };
		FA067F402895AB6200593FF6 /* HeaderDetailView.swift in Sources */ = {isa = PBXBuildFile; fileRef = FA067F3F2895AB6200593FF6 /* HeaderDetailView.swift */; };
		FA067F42289674D100593FF6 /* TopPartDetailView.swift in Sources */ = {isa = PBXBuildFile; fileRef = FA067F41289674D100593FF6 /* TopPartDetailView.swift */; };
		FA067F442897B6D900593FF6 /* CustomShape.swift in Sources */ = {isa = PBXBuildFile; fileRef = FA067F432897B6D900593FF6 /* CustomShape.swift */; };
		FA067F462898373700593FF6 /* RatingsSizeDetailView.swift in Sources */ = {isa = PBXBuildFile; fileRef = FA067F452898373700593FF6 /* RatingsSizeDetailView.swift */; };
		FA20554F2886A5ED0075258A /* TouchdownApp.swift in Sources */ = {isa = PBXBuildFile; fileRef = FA20554E2886A5ED0075258A /* TouchdownApp.swift */; };
		FA2055512886A5ED0075258A /* ContentView.swift in Sources */ = {isa = PBXBuildFile; fileRef = FA2055502886A5ED0075258A /* ContentView.swift */; };
		FA2055532886A5EF0075258A /* Assets.xcassets in Resources */ = {isa = PBXBuildFile; fileRef = FA2055522886A5EF0075258A /* Assets.xcassets */; };
		FA2055562886A5EF0075258A /* Preview Assets.xcassets in Resources */ = {isa = PBXBuildFile; fileRef = FA2055552886A5EF0075258A /* Preview Assets.xcassets */; };
		FA2055602886A7020075258A /* product.json in Resources */ = {isa = PBXBuildFile; fileRef = FA20555C2886A7020075258A /* product.json */; };
		FA2055612886A7020075258A /* category.json in Resources */ = {isa = PBXBuildFile; fileRef = FA20555D2886A7020075258A /* category.json */; };
		FA2055622886A7020075258A /* brand.json in Resources */ = {isa = PBXBuildFile; fileRef = FA20555E2886A7020075258A /* brand.json */; };
		FA2055632886A7020075258A /* player.json in Resources */ = {isa = PBXBuildFile; fileRef = FA20555F2886A7020075258A /* player.json */; };
		FA20556E2886A9E30075258A /* Constant.swift in Sources */ = {isa = PBXBuildFile; fileRef = FA20556D2886A9E30075258A /* Constant.swift */; };
		FA2055702886AB0F0075258A /* FooterView.swift in Sources */ = {isa = PBXBuildFile; fileRef = FA20556F2886AB0F0075258A /* FooterView.swift */; };
		FA2055722887CCAE0075258A /* NavigationBarView.swift in Sources */ = {isa = PBXBuildFile; fileRef = FA2055712887CCAE0075258A /* NavigationBarView.swift */; };
		FA2055742887CE460075258A /* LogoView.swift in Sources */ = {isa = PBXBuildFile; fileRef = FA2055732887CE460075258A /* LogoView.swift */; };
		FA2055762887F3C90075258A /* PlayerModel.swift in Sources */ = {isa = PBXBuildFile; fileRef = FA2055752887F3C90075258A /* PlayerModel.swift */; };
		FA2055782887F4370075258A /* CodableBundleExtension.swift in Sources */ = {isa = PBXBuildFile; fileRef = FA2055772887F4370075258A /* CodableBundleExtension.swift */; };
		FA20557A288814870075258A /* FeaturedItemView.swift in Sources */ = {isa = PBXBuildFile; fileRef = FA205579288814870075258A /* FeaturedItemView.swift */; };
		FA20557D28883F370075258A /* FeaturedTabView.swift in Sources */ = {isa = PBXBuildFile; fileRef = FA20557C28883F370075258A /* FeaturedTabView.swift */; };
		FA20557F28890C1D0075258A /* CategoryModel.swift in Sources */ = {isa = PBXBuildFile; fileRef = FA20557E28890C1D0075258A /* CategoryModel.swift */; };
		FA20558128891B280075258A /* CategoryItemView.swift in Sources */ = {isa = PBXBuildFile; fileRef = FA20558028891B280075258A /* CategoryItemView.swift */; };
		FA20558328891E3D0075258A /* CategoryGridView.swift in Sources */ = {isa = PBXBuildFile; fileRef = FA20558228891E3D0075258A /* CategoryGridView.swift */; };
		FA5CCF9B289A57390087EC06 /* QuantityFavouriteDetailView.swift in Sources */ = {isa = PBXBuildFile; fileRef = FA5CCF9A289A57390087EC06 /* QuantityFavouriteDetailView.swift */; };
		FA5CCF9D289A593B0087EC06 /* AddToCartDetailVIew.swift in Sources */ = {isa = PBXBuildFile; fileRef = FA5CCF9C289A593B0087EC06 /* AddToCartDetailVIew.swift */; };
/* End PBXBuildFile section */

/* Begin PBXFileReference section */
		FA067F2D2894514000593FF6 /* SectionView.swift */ = {isa = PBXFileReference; lastKnownFileType = sourcecode.swift; path = SectionView.swift; sourceTree = "<group>"; };
		FA067F2F2894540800593FF6 /* TitleView.swift */ = {isa = PBXFileReference; lastKnownFileType = sourcecode.swift; path = TitleView.swift; sourceTree = "<group>"; };
		FA067F312894553700593FF6 /* ProductModel.swift */ = {isa = PBXFileReference; lastKnownFileType = sourcecode.swift; path = ProductModel.swift; sourceTree = "<group>"; };
		FA067F332895479000593FF6 /* ProductItemView.swift */ = {isa = PBXFileReference; lastKnownFileType = sourcecode.swift; path = ProductItemView.swift; sourceTree = "<group>"; };
		FA067F3528954BC500593FF6 /* BrandModel.swift */ = {isa = PBXFileReference; lastKnownFileType = sourcecode.swift; path = BrandModel.swift; sourceTree = "<group>"; };
		FA067F3728954C3100593FF6 /* BrandItemView.swift */ = {isa = PBXFileReference; lastKnownFileType = sourcecode.swift; path = BrandItemView.swift; sourceTree = "<group>"; };
		FA067F3928954D3E00593FF6 /* BrandGridView.swift */ = {isa = PBXFileReference; lastKnownFileType = sourcecode.swift; path = BrandGridView.swift; sourceTree = "<group>"; };
		FA067F3B28959AD400593FF6 /* ProductDetailView.swift */ = {isa = PBXFileReference; lastKnownFileType = sourcecode.swift; path = ProductDetailView.swift; sourceTree = "<group>"; };
		FA067F3D2895A79300593FF6 /* NavigationBarDetailView.swift */ = {isa = PBXFileReference; lastKnownFileType = sourcecode.swift; path = NavigationBarDetailView.swift; sourceTree = "<group>"; };
		FA067F3F2895AB6200593FF6 /* HeaderDetailView.swift */ = {isa = PBXFileReference; lastKnownFileType = sourcecode.swift; path = HeaderDetailView.swift; sourceTree = "<group>"; };
		FA067F41289674D100593FF6 /* TopPartDetailView.swift */ = {isa = PBXFileReference; lastKnownFileType = sourcecode.swift; path = TopPartDetailView.swift; sourceTree = "<group>"; };
		FA067F432897B6D900593FF6 /* CustomShape.swift */ = {isa = PBXFileReference; lastKnownFileType = sourcecode.swift; path = CustomShape.swift; sourceTree = "<group>"; };
		FA067F452898373700593FF6 /* RatingsSizeDetailView.swift */ = {isa = PBXFileReference; lastKnownFileType = sourcecode.swift; path = RatingsSizeDetailView.swift; sourceTree = "<group>"; };
		FA20554B2886A5ED0075258A /* Touchdown.app */ = {isa = PBXFileReference; explicitFileType = wrapper.application; includeInIndex = 0; path = Touchdown.app; sourceTree = BUILT_PRODUCTS_DIR; };
		FA20554E2886A5ED0075258A /* TouchdownApp.swift */ = {isa = PBXFileReference; lastKnownFileType = sourcecode.swift; path = TouchdownApp.swift; sourceTree = "<group>"; };
		FA2055502886A5ED0075258A /* ContentView.swift */ = {isa = PBXFileReference; lastKnownFileType = sourcecode.swift; path = ContentView.swift; sourceTree = "<group>"; };
		FA2055522886A5EF0075258A /* Assets.xcassets */ = {isa = PBXFileReference; lastKnownFileType = folder.assetcatalog; path = Assets.xcassets; sourceTree = "<group>"; };
		FA2055552886A5EF0075258A /* Preview Assets.xcassets */ = {isa = PBXFileReference; lastKnownFileType = folder.assetcatalog; path = "Preview Assets.xcassets"; sourceTree = "<group>"; };
		FA20555C2886A7020075258A /* product.json */ = {isa = PBXFileReference; fileEncoding = 4; lastKnownFileType = text.json; path = product.json; sourceTree = "<group>"; };
		FA20555D2886A7020075258A /* category.json */ = {isa = PBXFileReference; fileEncoding = 4; lastKnownFileType = text.json; path = category.json; sourceTree = "<group>"; };
		FA20555E2886A7020075258A /* brand.json */ = {isa = PBXFileReference; fileEncoding = 4; lastKnownFileType = text.json; path = brand.json; sourceTree = "<group>"; };
		FA20555F2886A7020075258A /* player.json */ = {isa = PBXFileReference; fileEncoding = 4; lastKnownFileType = text.json; path = player.json; sourceTree = "<group>"; };
		FA2055652886A7A40075258A /* Info.plist */ = {isa = PBXFileReference; lastKnownFileType = text.plist; path = Info.plist; sourceTree = "<group>"; };
		FA20556D2886A9E30075258A /* Constant.swift */ = {isa = PBXFileReference; lastKnownFileType = sourcecode.swift; path = Constant.swift; sourceTree = "<group>"; };
		FA20556F2886AB0F0075258A /* FooterView.swift */ = {isa = PBXFileReference; lastKnownFileType = sourcecode.swift; path = FooterView.swift; sourceTree = "<group>"; };
		FA2055712887CCAE0075258A /* NavigationBarView.swift */ = {isa = PBXFileReference; lastKnownFileType = sourcecode.swift; path = NavigationBarView.swift; sourceTree = "<group>"; };
		FA2055732887CE460075258A /* LogoView.swift */ = {isa = PBXFileReference; lastKnownFileType = sourcecode.swift; path = LogoView.swift; sourceTree = "<group>"; };
		FA2055752887F3C90075258A /* PlayerModel.swift */ = {isa = PBXFileReference; lastKnownFileType = sourcecode.swift; path = PlayerModel.swift; sourceTree = "<group>"; };
		FA2055772887F4370075258A /* CodableBundleExtension.swift */ = {isa = PBXFileReference; lastKnownFileType = sourcecode.swift; path = CodableBundleExtension.swift; sourceTree = "<group>"; };
		FA205579288814870075258A /* FeaturedItemView.swift */ = {isa = PBXFileReference; lastKnownFileType = sourcecode.swift; path = FeaturedItemView.swift; sourceTree = "<group>"; };
		FA20557C28883F370075258A /* FeaturedTabView.swift */ = {isa = PBXFileReference; lastKnownFileType = sourcecode.swift; path = FeaturedTabView.swift; sourceTree = "<group>"; };
		FA20557E28890C1D0075258A /* CategoryModel.swift */ = {isa = PBXFileReference; lastKnownFileType = sourcecode.swift; path = CategoryModel.swift; sourceTree = "<group>"; };
		FA20558028891B280075258A /* CategoryItemView.swift */ = {isa = PBXFileReference; lastKnownFileType = sourcecode.swift; path = CategoryItemView.swift; sourceTree = "<group>"; };
		FA20558228891E3D0075258A /* CategoryGridView.swift */ = {isa = PBXFileReference; lastKnownFileType = sourcecode.swift; path = CategoryGridView.swift; sourceTree = "<group>"; };
		FA5CCF9A289A57390087EC06 /* QuantityFavouriteDetailView.swift */ = {isa = PBXFileReference; lastKnownFileType = sourcecode.swift; path = QuantityFavouriteDetailView.swift; sourceTree = "<group>"; };
		FA5CCF9C289A593B0087EC06 /* AddToCartDetailVIew.swift */ = {isa = PBXFileReference; lastKnownFileType = sourcecode.swift; path = AddToCartDetailVIew.swift; sourceTree = "<group>"; };
/* End PBXFileReference section */

/* Begin PBXFrameworksBuildPhase section */
		FA2055482886A5ED0075258A /* Frameworks */ = {
			isa = PBXFrameworksBuildPhase;
			buildActionMask = 2147483647;
			files = (
			);
			runOnlyForDeploymentPostprocessing = 0;
		};
/* End PBXFrameworksBuildPhase section */

/* Begin PBXGroup section */
		FA2055422886A5ED0075258A = {
			isa = PBXGroup;
			children = (
				FA20554D2886A5ED0075258A /* Touchdown */,
				FA20554C2886A5ED0075258A /* Products */,
			);
			sourceTree = "<group>";
		};
		FA20554C2886A5ED0075258A /* Products */ = {
			isa = PBXGroup;
			children = (
				FA20554B2886A5ED0075258A /* Touchdown.app */,
			);
			name = Products;
			sourceTree = "<group>";
		};
		FA20554D2886A5ED0075258A /* Touchdown */ = {
			isa = PBXGroup;
			children = (
				FA2055672886A8F20075258A /* View */,
				FA20556A2886A9130075258A /* Model */,
				FA2055662886A8840075258A /* App */,
				FA20556C2886A9340075258A /* Utility */,
				FA20556B2886A9240075258A /* Extension */,
				FA2055642886A7070075258A /* Data */,
				FA2055522886A5EF0075258A /* Assets.xcassets */,
				FA2055652886A7A40075258A /* Info.plist */,
				FA2055542886A5EF0075258A /* Preview Content */,
			);
			path = Touchdown;
			sourceTree = "<group>";
		};
		FA2055542886A5EF0075258A /* Preview Content */ = {
			isa = PBXGroup;
			children = (
				FA2055552886A5EF0075258A /* Preview Assets.xcassets */,
			);
			path = "Preview Content";
			sourceTree = "<group>";
		};
		FA2055642886A7070075258A /* Data */ = {
			isa = PBXGroup;
			children = (
				FA20555E2886A7020075258A /* brand.json */,
				FA20555D2886A7020075258A /* category.json */,
				FA20555F2886A7020075258A /* player.json */,
				FA20555C2886A7020075258A /* product.json */,
			);
			path = Data;
			sourceTree = "<group>";
		};
		FA2055662886A8840075258A /* App */ = {
			isa = PBXGroup;
			children = (
				FA20554E2886A5ED0075258A /* TouchdownApp.swift */,
				FA2055502886A5ED0075258A /* ContentView.swift */,
				FA067F3B28959AD400593FF6 /* ProductDetailView.swift */,
			);
			path = App;
			sourceTree = "<group>";
		};
		FA2055672886A8F20075258A /* View */ = {
			isa = PBXGroup;
			children = (
				FA2055682886A8FC0075258A /* Home */,
				FA2055692886A9030075258A /* Detail */,
			);
			path = View;
			sourceTree = "<group>";
		};
		FA2055682886A8FC0075258A /* Home */ = {
			isa = PBXGroup;
			children = (
				FA20556F2886AB0F0075258A /* FooterView.swift */,
				FA2055712887CCAE0075258A /* NavigationBarView.swift */,
				FA2055732887CE460075258A /* LogoView.swift */,
				FA205579288814870075258A /* FeaturedItemView.swift */,
				FA20557C28883F370075258A /* FeaturedTabView.swift */,
				FA20558028891B280075258A /* CategoryItemView.swift */,
				FA20558228891E3D0075258A /* CategoryGridView.swift */,
				FA067F2D2894514000593FF6 /* SectionView.swift */,
				FA067F2F2894540800593FF6 /* TitleView.swift */,
				FA067F332895479000593FF6 /* ProductItemView.swift */,
				FA067F3728954C3100593FF6 /* BrandItemView.swift */,
				FA067F3928954D3E00593FF6 /* BrandGridView.swift */,
			);
			path = Home;
			sourceTree = "<group>";
		};
		FA2055692886A9030075258A /* Detail */ = {
			isa = PBXGroup;
			children = (
				FA067F3D2895A79300593FF6 /* NavigationBarDetailView.swift */,
				FA067F3F2895AB6200593FF6 /* HeaderDetailView.swift */,
				FA067F41289674D100593FF6 /* TopPartDetailView.swift */,
				FA067F452898373700593FF6 /* RatingsSizeDetailView.swift */,
				FA5CCF9A289A57390087EC06 /* QuantityFavouriteDetailView.swift */,
				FA5CCF9C289A593B0087EC06 /* AddToCartDetailVIew.swift */,
			);
			path = Detail;
			sourceTree = "<group>";
		};
		FA20556A2886A9130075258A /* Model */ = {
			isa = PBXGroup;
			children = (
				FA2055752887F3C90075258A /* PlayerModel.swift */,
				FA20557E28890C1D0075258A /* CategoryModel.swift */,
				FA067F312894553700593FF6 /* ProductModel.swift */,
				FA067F3528954BC500593FF6 /* BrandModel.swift */,
			);
			path = Model;
			sourceTree = "<group>";
		};
		FA20556B2886A9240075258A /* Extension */ = {
			isa = PBXGroup;
			children = (
				FA2055772887F4370075258A /* CodableBundleExtension.swift */,
			);
			path = Extension;
			sourceTree = "<group>";
		};
		FA20556C2886A9340075258A /* Utility */ = {
			isa = PBXGroup;
			children = (
				FA20556D2886A9E30075258A /* Constant.swift */,
				FA067F432897B6D900593FF6 /* CustomShape.swift */,
			);
			path = Utility;
			sourceTree = "<group>";
		};
/* End PBXGroup section */

/* Begin PBXNativeTarget section */
		FA20554A2886A5ED0075258A /* Touchdown */ = {
			isa = PBXNativeTarget;
			buildConfigurationList = FA2055592886A5EF0075258A /* Build configuration list for PBXNativeTarget "Touchdown" */;
			buildPhases = (
				FA2055472886A5ED0075258A /* Sources */,
				FA2055482886A5ED0075258A /* Frameworks */,
				FA2055492886A5ED0075258A /* Resources */,
			);
			buildRules = (
			);
			dependencies = (
			);
			name = Touchdown;
			productName = Touchdown;
			productReference = FA20554B2886A5ED0075258A /* Touchdown.app */;
			productType = "com.apple.product-type.application";
		};
/* End PBXNativeTarget section */

/* Begin PBXProject section */
		FA2055432886A5ED0075258A /* Project object */ = {
			isa = PBXProject;
			attributes = {
				BuildIndependentTargetsInParallel = 1;
				LastSwiftUpdateCheck = 1320;
				LastUpgradeCheck = 1320;
				TargetAttributes = {
					FA20554A2886A5ED0075258A = {
						CreatedOnToolsVersion = 13.2.1;
					};
				};
			};
			buildConfigurationList = FA2055462886A5ED0075258A /* Build configuration list for PBXProject "Touchdown" */;
			compatibilityVersion = "Xcode 13.0";
			developmentRegion = en;
			hasScannedForEncodings = 0;
			knownRegions = (
				en,
				Base,
			);
			mainGroup = FA2055422886A5ED0075258A;
			productRefGroup = FA20554C2886A5ED0075258A /* Products */;
			projectDirPath = "";
			projectRoot = "";
			targets = (
				FA20554A2886A5ED0075258A /* Touchdown */,
			);
		};
/* End PBXProject section */

/* Begin PBXResourcesBuildPhase section */
		FA2055492886A5ED0075258A /* Resources */ = {
			isa = PBXResourcesBuildPhase;
			buildActionMask = 2147483647;
			files = (
				FA2055632886A7020075258A /* player.json in Resources */,
				FA2055562886A5EF0075258A /* Preview Assets.xcassets in Resources */,
				FA2055622886A7020075258A /* brand.json in Resources */,
				FA2055532886A5EF0075258A /* Assets.xcassets in Resources */,
				FA2055602886A7020075258A /* product.json in Resources */,
				FA2055612886A7020075258A /* category.json in Resources */,
			);
			runOnlyForDeploymentPostprocessing = 0;
		};
/* End PBXResourcesBuildPhase section */

/* Begin PBXSourcesBuildPhase section */
		FA2055472886A5ED0075258A /* Sources */ = {
			isa = PBXSourcesBuildPhase;
			buildActionMask = 2147483647;
			files = (
				FA2055782887F4370075258A /* CodableBundleExtension.swift in Sources */,
				FA067F402895AB6200593FF6 /* HeaderDetailView.swift in Sources */,
				FA067F42289674D100593FF6 /* TopPartDetailView.swift in Sources */,
				FA2055512886A5ED0075258A /* ContentView.swift in Sources */,
				FA2055742887CE460075258A /* LogoView.swift in Sources */,
				FA2055702886AB0F0075258A /* FooterView.swift in Sources */,
				FA20557A288814870075258A /* FeaturedItemView.swift in Sources */,
				FA067F342895479000593FF6 /* ProductItemView.swift in Sources */,
				FA5CCF9D289A593B0087EC06 /* AddToCartDetailVIew.swift in Sources */,
				FA067F3A28954D3E00593FF6 /* BrandGridView.swift in Sources */,
				FA067F462898373700593FF6 /* RatingsSizeDetailView.swift in Sources */,
				FA20554F2886A5ED0075258A /* TouchdownApp.swift in Sources */,
				FA067F3C28959AD400593FF6 /* ProductDetailView.swift in Sources */,
				FA067F3E2895A79300593FF6 /* NavigationBarDetailView.swift in Sources */,
				FA20556E2886A9E30075258A /* Constant.swift in Sources */,
				FA20558328891E3D0075258A /* CategoryGridView.swift in Sources */,
				FA20557F28890C1D0075258A /* CategoryModel.swift in Sources */,
				FA2055722887CCAE0075258A /* NavigationBarView.swift in Sources */,
				FA067F2E2894514000593FF6 /* SectionView.swift in Sources */,
				FA067F3828954C3100593FF6 /* BrandItemView.swift in Sources */,
				FA20558128891B280075258A /* CategoryItemView.swift in Sources */,
				FA20557D28883F370075258A /* FeaturedTabView.swift in Sources */,
				FA067F442897B6D900593FF6 /* CustomShape.swift in Sources */,
				FA2055762887F3C90075258A /* PlayerModel.swift in Sources */,
				FA067F3628954BC500593FF6 /* BrandModel.swift in Sources */,
				FA067F302894540800593FF6 /* TitleView.swift in Sources */,
				FA5CCF9B289A57390087EC06 /* QuantityFavouriteDetailView.swift in Sources */,
				FA067F322894553700593FF6 /* ProductModel.swift in Sources */,
			);
			runOnlyForDeploymentPostprocessing = 0;
		};
/* End PBXSourcesBuildPhase section */

/* Begin XCBuildConfiguration section */
		FA2055572886A5EF0075258A /* Debug */ = {
			isa = XCBuildConfiguration;
			buildSettings = {
				ALWAYS_SEARCH_USER_PATHS = NO;
				CLANG_ANALYZER_NONNULL = YES;
				CLANG_ANALYZER_NUMBER_OBJECT_CONVERSION = YES_AGGRESSIVE;
				CLANG_CXX_LANGUAGE_STANDARD = "gnu++17";
				CLANG_CXX_LIBRARY = "libc++";
				CLANG_ENABLE_MODULES = YES;
				CLANG_ENABLE_OBJC_ARC = YES;
				CLANG_ENABLE_OBJC_WEAK = YES;
				CLANG_WARN_BLOCK_CAPTURE_AUTORELEASING = YES;
				CLANG_WARN_BOOL_CONVERSION = YES;
				CLANG_WARN_COMMA = YES;
				CLANG_WARN_CONSTANT_CONVERSION = YES;
				CLANG_WARN_DEPRECATED_OBJC_IMPLEMENTATIONS = YES;
				CLANG_WARN_DIRECT_OBJC_ISA_USAGE = YES_ERROR;
				CLANG_WARN_DOCUMENTATION_COMMENTS = YES;
				CLANG_WARN_EMPTY_BODY = YES;
				CLANG_WARN_ENUM_CONVERSION = YES;
				CLANG_WARN_INFINITE_RECURSION = YES;
				CLANG_WARN_INT_CONVERSION = YES;
				CLANG_WARN_NON_LITERAL_NULL_CONVERSION = YES;
				CLANG_WARN_OBJC_IMPLICIT_RETAIN_SELF = YES;
				CLANG_WARN_OBJC_LITERAL_CONVERSION = YES;
				CLANG_WARN_OBJC_ROOT_CLASS = YES_ERROR;
				CLANG_WARN_QUOTED_INCLUDE_IN_FRAMEWORK_HEADER = YES;
				CLANG_WARN_RANGE_LOOP_ANALYSIS = YES;
				CLANG_WARN_STRICT_PROTOTYPES = YES;
				CLANG_WARN_SUSPICIOUS_MOVE = YES;
				CLANG_WARN_UNGUARDED_AVAILABILITY = YES_AGGRESSIVE;
				CLANG_WARN_UNREACHABLE_CODE = YES;
				CLANG_WARN__DUPLICATE_METHOD_MATCH = YES;
				COPY_PHASE_STRIP = NO;
				DEBUG_INFORMATION_FORMAT = dwarf;
				ENABLE_STRICT_OBJC_MSGSEND = YES;
				ENABLE_TESTABILITY = YES;
				GCC_C_LANGUAGE_STANDARD = gnu11;
				GCC_DYNAMIC_NO_PIC = NO;
				GCC_NO_COMMON_BLOCKS = YES;
				GCC_OPTIMIZATION_LEVEL = 0;
				GCC_PREPROCESSOR_DEFINITIONS = (
					"DEBUG=1",
					"$(inherited)",
				);
				GCC_WARN_64_TO_32_BIT_CONVERSION = YES;
				GCC_WARN_ABOUT_RETURN_TYPE = YES_ERROR;
				GCC_WARN_UNDECLARED_SELECTOR = YES;
				GCC_WARN_UNINITIALIZED_AUTOS = YES_AGGRESSIVE;
				GCC_WARN_UNUSED_FUNCTION = YES;
				GCC_WARN_UNUSED_VARIABLE = YES;
				IPHONEOS_DEPLOYMENT_TARGET = 15.2;
				MTL_ENABLE_DEBUG_INFO = INCLUDE_SOURCE;
				MTL_FAST_MATH = YES;
				ONLY_ACTIVE_ARCH = YES;
				SDKROOT = iphoneos;
				SWIFT_ACTIVE_COMPILATION_CONDITIONS = DEBUG;
				SWIFT_OPTIMIZATION_LEVEL = "-Onone";
			};
			name = Debug;
		};
		FA2055582886A5EF0075258A /* Release */ = {
			isa = XCBuildConfiguration;
			buildSettings = {
				ALWAYS_SEARCH_USER_PATHS = NO;
				CLANG_ANALYZER_NONNULL = YES;
				CLANG_ANALYZER_NUMBER_OBJECT_CONVERSION = YES_AGGRESSIVE;
				CLANG_CXX_LANGUAGE_STANDARD = "gnu++17";
				CLANG_CXX_LIBRARY = "libc++";
				CLANG_ENABLE_MODULES = YES;
				CLANG_ENABLE_OBJC_ARC = YES;
				CLANG_ENABLE_OBJC_WEAK = YES;
				CLANG_WARN_BLOCK_CAPTURE_AUTORELEASING = YES;
				CLANG_WARN_BOOL_CONVERSION = YES;
				CLANG_WARN_COMMA = YES;
				CLANG_WARN_CONSTANT_CONVERSION = YES;
				CLANG_WARN_DEPRECATED_OBJC_IMPLEMENTATIONS = YES;
				CLANG_WARN_DIRECT_OBJC_ISA_USAGE = YES_ERROR;
				CLANG_WARN_DOCUMENTATION_COMMENTS = YES;
				CLANG_WARN_EMPTY_BODY = YES;
				CLANG_WARN_ENUM_CONVERSION = YES;
				CLANG_WARN_INFINITE_RECURSION = YES;
				CLANG_WARN_INT_CONVERSION = YES;
				CLANG_WARN_NON_LITERAL_NULL_CONVERSION = YES;
				CLANG_WARN_OBJC_IMPLICIT_RETAIN_SELF = YES;
				CLANG_WARN_OBJC_LITERAL_CONVERSION = YES;
				CLANG_WARN_OBJC_ROOT_CLASS = YES_ERROR;
				CLANG_WARN_QUOTED_INCLUDE_IN_FRAMEWORK_HEADER = YES;
				CLANG_WARN_RANGE_LOOP_ANALYSIS = YES;
				CLANG_WARN_STRICT_PROTOTYPES = YES;
				CLANG_WARN_SUSPICIOUS_MOVE = YES;
				CLANG_WARN_UNGUARDED_AVAILABILITY = YES_AGGRESSIVE;
				CLANG_WARN_UNREACHABLE_CODE = YES;
				CLANG_WARN__DUPLICATE_METHOD_MATCH = YES;
				COPY_PHASE_STRIP = NO;
				DEBUG_INFORMATION_FORMAT = "dwarf-with-dsym";
				ENABLE_NS_ASSERTIONS = NO;
				ENABLE_STRICT_OBJC_MSGSEND = YES;
				GCC_C_LANGUAGE_STANDARD = gnu11;
				GCC_NO_COMMON_BLOCKS = YES;
				GCC_WARN_64_TO_32_BIT_CONVERSION = YES;
				GCC_WARN_ABOUT_RETURN_TYPE = YES_ERROR;
				GCC_WARN_UNDECLARED_SELECTOR = YES;
				GCC_WARN_UNINITIALIZED_AUTOS = YES_AGGRESSIVE;
				GCC_WARN_UNUSED_FUNCTION = YES;
				GCC_WARN_UNUSED_VARIABLE = YES;
				IPHONEOS_DEPLOYMENT_TARGET = 15.2;
				MTL_ENABLE_DEBUG_INFO = NO;
				MTL_FAST_MATH = YES;
				SDKROOT = iphoneos;
				SWIFT_COMPILATION_MODE = wholemodule;
				SWIFT_OPTIMIZATION_LEVEL = "-O";
				VALIDATE_PRODUCT = YES;
			};
			name = Release;
		};
		FA20555A2886A5EF0075258A /* Debug */ = {
			isa = XCBuildConfiguration;
			buildSettings = {
				ASSETCATALOG_COMPILER_APPICON_NAME = AppIcon;
				ASSETCATALOG_COMPILER_GLOBAL_ACCENT_COLOR_NAME = AccentColor;
				CODE_SIGN_STYLE = Automatic;
				CURRENT_PROJECT_VERSION = 1;
				DEVELOPMENT_ASSET_PATHS = "\"Touchdown/Preview Content\"";
				DEVELOPMENT_TEAM = K6BJ9JXQPF;
				ENABLE_PREVIEWS = YES;
				GENERATE_INFOPLIST_FILE = YES;
				INFOPLIST_FILE = Touchdown/Info.plist;
				INFOPLIST_KEY_UIApplicationSceneManifest_Generation = YES;
				INFOPLIST_KEY_UIApplicationSupportsIndirectInputEvents = YES;
				INFOPLIST_KEY_UISupportedInterfaceOrientations = UIInterfaceOrientationPortrait;
				INFOPLIST_KEY_UISupportedInterfaceOrientations_iPad = "UIInterfaceOrientationPortrait UIInterfaceOrientationPortraitUpsideDown UIInterfaceOrientationLandscapeLeft UIInterfaceOrientationLandscapeRight";
				INFOPLIST_KEY_UISupportedInterfaceOrientations_iPhone = "UIInterfaceOrientationPortrait UIInterfaceOrientationLandscapeLeft UIInterfaceOrientationLandscapeRight";
				INFOPLIST_KEY_UIUserInterfaceStyle = Light;
				LD_RUNPATH_SEARCH_PATHS = (
					"$(inherited)",
					"@executable_path/Frameworks",
				);
				MARKETING_VERSION = 1.0;
				PRODUCT_BUNDLE_IDENTIFIER = systemApps.Touchdown;
				PRODUCT_NAME = "$(TARGET_NAME)";
				SWIFT_EMIT_LOC_STRINGS = YES;
				SWIFT_VERSION = 5.0;
				TARGETED_DEVICE_FAMILY = "1,2";
			};
			name = Debug;
		};
		FA20555B2886A5EF0075258A /* Release */ = {
			isa = XCBuildConfiguration;
			buildSettings = {
				ASSETCATALOG_COMPILER_APPICON_NAME = AppIcon;
				ASSETCATALOG_COMPILER_GLOBAL_ACCENT_COLOR_NAME = AccentColor;
				CODE_SIGN_STYLE = Automatic;
				CURRENT_PROJECT_VERSION = 1;
				DEVELOPMENT_ASSET_PATHS = "\"Touchdown/Preview Content\"";
				DEVELOPMENT_TEAM = K6BJ9JXQPF;
				ENABLE_PREVIEWS = YES;
				GENERATE_INFOPLIST_FILE = YES;
				INFOPLIST_FILE = Touchdown/Info.plist;
				INFOPLIST_KEY_UIApplicationSceneManifest_Generation = YES;
				INFOPLIST_KEY_UIApplicationSupportsIndirectInputEvents = YES;
				INFOPLIST_KEY_UISupportedInterfaceOrientations = UIInterfaceOrientationPortrait;
				INFOPLIST_KEY_UISupportedInterfaceOrientations_iPad = "UIInterfaceOrientationPortrait UIInterfaceOrientationPortraitUpsideDown UIInterfaceOrientationLandscapeLeft UIInterfaceOrientationLandscapeRight";
				INFOPLIST_KEY_UISupportedInterfaceOrientations_iPhone = "UIInterfaceOrientationPortrait UIInterfaceOrientationLandscapeLeft UIInterfaceOrientationLandscapeRight";
				INFOPLIST_KEY_UIUserInterfaceStyle = Light;
				LD_RUNPATH_SEARCH_PATHS = (
					"$(inherited)",
					"@executable_path/Frameworks",
				);
				MARKETING_VERSION = 1.0;
				PRODUCT_BUNDLE_IDENTIFIER = systemApps.Touchdown;
				PRODUCT_NAME = "$(TARGET_NAME)";
				SWIFT_EMIT_LOC_STRINGS = YES;
				SWIFT_VERSION = 5.0;
				TARGETED_DEVICE_FAMILY = "1,2";
			};
			name = Release;
		};
/* End XCBuildConfiguration section */

/* Begin XCConfigurationList section */
		FA2055462886A5ED0075258A /* Build configuration list for PBXProject "Touchdown" */ = {
			isa = XCConfigurationList;
			buildConfigurations = (
				FA2055572886A5EF0075258A /* Debug */,
				FA2055582886A5EF0075258A /* Release */,
			);
			defaultConfigurationIsVisible = 0;
			defaultConfigurationName = Release;
		};
		FA2055592886A5EF0075258A /* Build configuration list for PBXNativeTarget "Touchdown" */ = {
			isa = XCConfigurationList;
			buildConfigurations = (
				FA20555A2886A5EF0075258A /* Debug */,
				FA20555B2886A5EF0075258A /* Release */,
			);
			defaultConfigurationIsVisible = 0;
			defaultConfigurationName = Release;
		};
/* End XCConfigurationList section */
	};
	rootObject = FA2055432886A5ED0075258A /* Project object */;
}
